
Microsoft Visual Studio Solution File, Format Version 12.00
# Visual Studio 15
Project("{FAE04EC0-301F-11D3-BF4B-00C04F79EFBC}") = "Assembly-CSharp", "Assembly-CSharp.csproj", "{620825EE-1991-3032-D991-A5B7BFBB82C1}"
EndProject
Project("{FAE04EC0-301F-11D3-BF4B-00C04F79EFBC}") = "Mediapipe.Runtime", "Mediapipe.Runtime.csproj", "{A4BE1205-9D8B-1A6F-46E6-3C2F4BB04E92}"
EndProject
Project("{FAE04EC0-301F-11D3-BF4B-00C04F79EFBC}") = "Assembly-CSharp-Editor", "Assembly-CSharp-Editor.csproj", "{CCE57ED6-EDF6-AFD2-3083-DCF8322F6348}"
EndProject
Project("{FAE04EC0-301F-11D3-BF4B-00C04F79EFBC}") = "Mediapipe.Runtime.Tests", "Mediapipe.Runtime.Tests.csproj", "{65D6C5EC-C3BE-6C6E-C55D-9DEE5A53FC8F}"
EndProject
Global
	GlobalSection(SolutionConfigurationPlatforms) = preSolution
		Debug|Any CPU = Debug|Any CPU
		Release|Any CPU = Release|Any CPU
	EndGlobalSection
	GlobalSection(ProjectConfigurationPlatforms) = postSolution
		{620825EE-1991-3032-D991-A5B7BFBB82C1}.Debug|Any CPU.ActiveCfg = Debug|Any CPU
		{620825EE-1991-3032-D991-A5B7BFBB82C1}.Debug|Any CPU.Build.0 = Debug|Any CPU
		{620825EE-1991-3032-D991-A5B7BFBB82C1}.Release|Any CPU.ActiveCfg = Release|Any CPU
		{620825EE-1991-3032-D991-A5B7BFBB82C1}.Release|Any CPU.Build.0 = Release|Any CPU
		{A4BE1205-9D8B-1A6F-46E6-3C2F4BB04E92}.Debug|Any CPU.ActiveCfg = Debug|Any CPU
		{A4BE1205-9D8B-1A6F-46E6-3C2F4BB04E92}.Debug|Any CPU.Build.0 = Debug|Any CPU
		{A4BE1205-9D8B-1A6F-46E6-3C2F4BB04E92}.Release|Any CPU.ActiveCfg = Release|Any CPU
		{A4BE1205-9D8B-1A6F-46E6-3C2F4BB04E92}.Release|Any CPU.Build.0 = Release|Any CPU
		{CCE57ED6-EDF6-AFD2-3083-DCF8322F6348}.Debug|Any CPU.ActiveCfg = Debug|Any CPU
		{CCE57ED6-EDF6-AFD2-3083-DCF8322F6348}.Debug|Any CPU.Build.0 = Debug|Any CPU
		{CCE57ED6-EDF6-AFD2-3083-DCF8322F6348}.Release|Any CPU.ActiveCfg = Release|Any CPU
		{CCE57ED6-EDF6-AFD2-3083-DCF8322F6348}.Release|Any CPU.Build.0 = Release|Any CPU
		{65D6C5EC-C3BE-6C6E-C55D-9DEE5A53FC8F}.Debug|Any CPU.ActiveCfg = Debug|Any CPU
		{65D6C5EC-C3BE-6C6E-C55D-9DEE5A53FC8F}.Debug|Any CPU.Build.0 = Debug|Any CPU
		{65D6C5EC-C3BE-6C6E-C55D-9DEE5A53FC8F}.Release|Any CPU.ActiveCfg = Release|Any CPU
		{65D6C5EC-C3BE-6C6E-C55D-9DEE5A53FC8F}.Release|Any CPU.Build.0 = Release|Any CPU
	EndGlobalSection
	GlobalSection(SolutionProperties) = preSolution
		HideSolutionNode = FALSE
	EndGlobalSection
EndGlobal
